
Microsoft Visual Studio Solution File, Format Version 12.00
# Visual Studio Version 17
VisualStudioVersion = 17.14.36811.4 d17.14
MinimumVisualStudioVersion = 10.0.40219.1
Project("{FAE04EC0-301F-11D3-BF4B-00C04F79EFBC}") = "TG-BotV.1.1", "TG-BotV.1.1.csproj", "{16BD8EA6-CFAA-A0DB-184F-9045B3753A24}"
EndProject
Global
	GlobalSection(SolutionConfigurationPlatforms) = preSolution
		Debug|Any CPU = Debug|Any CPU
		Release|Any CPU = Release|Any CPU
	EndGlobalSection
	GlobalSection(ProjectConfigurationPlatforms) = postSolution
		{16BD8EA6-CFAA-A0DB-184F-9045B3753A24}.Debug|Any CPU.ActiveCfg = Debug|Any CPU
		{16BD8EA6-CFAA-A0DB-184F-9045B3753A24}.Debug|Any CPU.Build.0 = Debug|Any CPU
		{16BD8EA6-CFAA-A0DB-184F-9045B3753A24}.Release|Any CPU.ActiveCfg = Release|Any CPU
		{16BD8EA6-CFAA-A0DB-184F-9045B3753A24}.Release|Any CPU.Build.0 = Release|Any CPU
	EndGlobalSection
	GlobalSection(SolutionProperties) = preSolution
		HideSolutionNode = FALSE
	EndGlobalSection
	GlobalSection(ExtensibilityGlobals) = postSolution
		SolutionGuid = {3F06C50A-5251-46B8-98A9-3B3CA2A634A8}
	EndGlobalSection
EndGlobal
